// !$*UTF8*$!
{
	archiveVersion = 1;
	classes = {
	};
	objectVersion = 50;
	objects = {

/* Begin PBXBuildFile section */
		17505AEA259ADC9B00042E42 /* Tests_iOS.swift in Sources */ = {isa = PBXBuildFile; fileRef = 17505AE9259ADC9B00042E42 /* Tests_iOS.swift */; };
		17505AF5259ADC9B00042E42 /* Tests_macOS.swift in Sources */ = {isa = PBXBuildFile; fileRef = 17505AF4259ADC9B00042E42 /* Tests_macOS.swift */; };
		17505AF7259ADC9B00042E42 /* yolov3DemoApp.swift in Sources */ = {isa = PBXBuildFile; fileRef = 17505ACE259ADC9A00042E42 /* yolov3DemoApp.swift */; };
		17505AF8259ADC9B00042E42 /* yolov3DemoApp.swift in Sources */ = {isa = PBXBuildFile; fileRef = 17505ACE259ADC9A00042E42 /* yolov3DemoApp.swift */; };
		17505AF9259ADC9B00042E42 /* ContentView.swift in Sources */ = {isa = PBXBuildFile; fileRef = 17505ACF259ADC9A00042E42 /* ContentView.swift */; };
		17505AFA259ADC9B00042E42 /* ContentView.swift in Sources */ = {isa = PBXBuildFile; fileRef = 17505ACF259ADC9A00042E42 /* ContentView.swift */; };
		17505AFB259ADC9B00042E42 /* Assets.xcassets in Resources */ = {isa = PBXBuildFile; fileRef = 17505AD0259ADC9B00042E42 /* Assets.xcassets */; };
		17505AFC259ADC9B00042E42 /* Assets.xcassets in Resources */ = {isa = PBXBuildFile; fileRef = 17505AD0259ADC9B00042E42 /* Assets.xcassets */; };
/* End PBXBuildFile section */

/* Begin PBXContainerItemProxy section */
		17505AE6259ADC9B00042E42 /* PBXContainerItemProxy */ = {
			isa = PBXContainerItemProxy;
			containerPortal = 17505AC9259ADC9A00042E42 /* Project object */;
			proxyType = 1;
			remoteGlobalIDString = 17505AD4259ADC9B00042E42;
			remoteInfo = "yolov3Demo (iOS)";
		};
		17505AF1259ADC9B00042E42 /* PBXContainerItemProxy */ = {
			isa = PBXContainerItemProxy;
			containerPortal = 17505AC9259ADC9A00042E42 /* Project object */;
			proxyType = 1;
			remoteGlobalIDString = 17505ADC259ADC9B00042E42;
			remoteInfo = "yolov3Demo (macOS)";
		};
/* End PBXContainerItemProxy section */

/* Begin PBXFileReference section */
		17505ACE259ADC9A00042E42 /* yolov3DemoApp.swift */ = {isa = PBXFileReference; lastKnownFileType = sourcecode.swift; path = yolov3DemoApp.swift; sourceTree = "<group>"; };
		17505ACF259ADC9A00042E42 /* ContentView.swift */ = {isa = PBXFileReference; lastKnownFileType = sourcecode.swift; path = ContentView.swift; sourceTree = "<group>"; };
		17505AD0259ADC9B00042E42 /* Assets.xcassets */ = {isa = PBXFileReference; lastKnownFileType = folder.assetcatalog; path = Assets.xcassets; sourceTree = "<group>"; };
		17505AD5259ADC9B00042E42 /* yolov3Demo.app */ = {isa = PBXFileReference; explicitFileType = wrapper.application; includeInIndex = 0; path = yolov3Demo.app; sourceTree = BUILT_PRODUCTS_DIR; };
		17505AD8259ADC9B00042E42 /* Info.plist */ = {isa = PBXFileReference; lastKnownFileType = text.plist.xml; path = Info.plist; sourceTree = "<group>"; };
		17505ADD259ADC9B00042E42 /* yolov3Demo.app */ = {isa = PBXFileReference; explicitFileType = wrapper.application; includeInIndex = 0; path = yolov3Demo.app; sourceTree = BUILT_PRODUCTS_DIR; };
		17505ADF259ADC9B00042E42 /* Info.plist */ = {isa = PBXFileReference; lastKnownFileType = text.plist.xml; path = Info.plist; sourceTree = "<group>"; };
		17505AE0259ADC9B00042E42 /* macOS.entitlements */ = {isa = PBXFileReference; lastKnownFileType = text.plist.entitlements; path = macOS.entitlements; sourceTree = "<group>"; };
		17505AE5259ADC9B00042E42 /* Tests iOS.xctest */ = {isa = PBXFileReference; explicitFileType = wrapper.cfbundle; includeInIndex = 0; path = "Tests iOS.xctest"; sourceTree = BUILT_PRODUCTS_DIR; };
		17505AE9259ADC9B00042E42 /* Tests_iOS.swift */ = {isa = PBXFileReference; lastKnownFileType = sourcecode.swift; path = Tests_iOS.swift; sourceTree = "<group>"; };
		17505AEB259ADC9B00042E42 /* Info.plist */ = {isa = PBXFileReference; lastKnownFileType = text.plist.xml; path = Info.plist; sourceTree = "<group>"; };
		17505AF0259ADC9B00042E42 /* Tests macOS.xctest */ = {isa = PBXFileReference; explicitFileType = wrapper.cfbundle; includeInIndex = 0; path = "Tests macOS.xctest"; sourceTree = BUILT_PRODUCTS_DIR; };
		17505AF4259ADC9B00042E42 /* Tests_macOS.swift */ = {isa = PBXFileReference; lastKnownFileType = sourcecode.swift; path = Tests_macOS.swift; sourceTree = "<group>"; };
		17505AF6259ADC9B00042E42 /* Info.plist */ = {isa = PBXFileReference; lastKnownFileType = text.plist.xml; path = Info.plist; sourceTree = "<group>"; };
/* End PBXFileReference section */

/* Begin PBXFrameworksBuildPhase section */
		17505AD2259ADC9B00042E42 /* Frameworks */ = {
			isa = PBXFrameworksBuildPhase;
			buildActionMask = 2147483647;
			files = (
			);
			runOnlyForDeploymentPostprocessing = 0;
		};
		17505ADA259ADC9B00042E42 /* Frameworks */ = {
			isa = PBXFrameworksBuildPhase;
			buildActionMask = 2147483647;
			files = (
			);
			runOnlyForDeploymentPostprocessing = 0;
		};
		17505AE2259ADC9B00042E42 /* Frameworks */ = {
			isa = PBXFrameworksBuildPhase;
			buildActionMask = 2147483647;
			files = (
			);
			runOnlyForDeploymentPostprocessing = 0;
		};
		17505AED259ADC9B00042E42 /* Frameworks */ = {
			isa = PBXFrameworksBuildPhase;
			buildActionMask = 2147483647;
			files = (
			);
			runOnlyForDeploymentPostprocessing = 0;
		};
/* End PBXFrameworksBuildPhase section */

/* Begin PBXGroup section */
		17505AC8259ADC9A00042E42 = {
			isa = PBXGroup;
			children = (
				17505ACD259ADC9A00042E42 /* Shared */,
				17505AD7259ADC9B00042E42 /* iOS */,
				17505ADE259ADC9B00042E42 /* macOS */,
				17505AE8259ADC9B00042E42 /* Tests iOS */,
				17505AF3259ADC9B00042E42 /* Tests macOS */,
				17505AD6259ADC9B00042E42 /* Products */,
			);
			sourceTree = "<group>";
		};
		17505ACD259ADC9A00042E42 /* Shared */ = {
			isa = PBXGroup;
			children = (
				17505ACE259ADC9A00042E42 /* yolov3DemoApp.swift */,
				17505ACF259ADC9A00042E42 /* ContentView.swift */,
				17505AD0259ADC9B00042E42 /* Assets.xcassets */,
			);
			path = Shared;
			sourceTree = "<group>";
		};
		17505AD6259ADC9B00042E42 /* Products */ = {
			isa = PBXGroup;
			children = (
				17505AD5259ADC9B00042E42 /* yolov3Demo.app */,
				17505ADD259ADC9B00042E42 /* yolov3Demo.app */,
				17505AE5259ADC9B00042E42 /* Tests iOS.xctest */,
				17505AF0259ADC9B00042E42 /* Tests macOS.xctest */,
			);
			name = Products;
			sourceTree = "<group>";
		};
		17505AD7259ADC9B00042E42 /* iOS */ = {
			isa = PBXGroup;
			children = (
				17505AD8259ADC9B00042E42 /* Info.plist */,
			);
			path = iOS;
			sourceTree = "<group>";
		};
		17505ADE259ADC9B00042E42 /* macOS */ = {
			isa = PBXGroup;
			children = (
				17505ADF259ADC9B00042E42 /* Info.plist */,
				17505AE0259ADC9B00042E42 /* macOS.entitlements */,
			);
			path = macOS;
			sourceTree = "<group>";
		};
		17505AE8259ADC9B00042E42 /* Tests iOS */ = {
			isa = PBXGroup;
			children = (
				17505AE9259ADC9B00042E42 /* Tests_iOS.swift */,
				17505AEB259ADC9B00042E42 /* Info.plist */,
			);
			path = "Tests iOS";
			sourceTree = "<group>";
		};
		17505AF3259ADC9B00042E42 /* Tests macOS */ = {
			isa = PBXGroup;
			children = (
				17505AF4259ADC9B00042E42 /* Tests_macOS.swift */,
				17505AF6259ADC9B00042E42 /* Info.plist */,
			);
			path = "Tests macOS";
			sourceTree = "<group>";
		};
/* End PBXGroup section */

/* Begin PBXNativeTarget section */
		17505AD4259ADC9B00042E42 /* yolov3Demo (iOS) */ = {
			isa = PBXNativeTarget;
			buildConfigurationList = 17505AFF259ADC9B00042E42 /* Build configuration list for PBXNativeTarget "yolov3Demo (iOS)" */;
			buildPhases = (
				17505AD1259ADC9B00042E42 /* Sources */,
				17505AD2259ADC9B00042E42 /* Frameworks */,
				17505AD3259ADC9B00042E42 /* Resources */,
			);
			buildRules = (
			);
			dependencies = (
			);
			name = "yolov3Demo (iOS)";
			productName = "yolov3Demo (iOS)";
			productReference = 17505AD5259ADC9B00042E42 /* yolov3Demo.app */;
			productType = "com.apple.product-type.application";
		};
		17505ADC259ADC9B00042E42 /* yolov3Demo (macOS) */ = {
			isa = PBXNativeTarget;
			buildConfigurationList = 17505B02259ADC9B00042E42 /* Build configuration list for PBXNativeTarget "yolov3Demo (macOS)" */;
			buildPhases = (
				17505AD9259ADC9B00042E42 /* Sources */,
				17505ADA259ADC9B00042E42 /* Frameworks */,
				17505ADB259ADC9B00042E42 /* Resources */,
			);
			buildRules = (
			);
			dependencies = (
			);
			name = "yolov3Demo (macOS)";
			productName = "yolov3Demo (macOS)";
			productReference = 17505ADD259ADC9B00042E42 /* yolov3Demo.app */;
			productType = "com.apple.product-type.application";
		};
		17505AE4259ADC9B00042E42 /* Tests iOS */ = {
			isa = PBXNativeTarget;
			buildConfigurationList = 17505B05259ADC9B00042E42 /* Build configuration list for PBXNativeTarget "Tests iOS" */;
			buildPhases = (
				17505AE1259ADC9B00042E42 /* Sources */,
				17505AE2259ADC9B00042E42 /* Frameworks */,
				17505AE3259ADC9B00042E42 /* Resources */,
			);
			buildRules = (
			);
			dependencies = (
				17505AE7259ADC9B00042E42 /* PBXTargetDependency */,
			);
			name = "Tests iOS";
			productName = "Tests iOS";
			productReference = 17505AE5259ADC9B00042E42 /* Tests iOS.xctest */;
			productType = "com.apple.product-type.bundle.ui-testing";
		};
		17505AEF259ADC9B00042E42 /* Tests macOS */ = {
			isa = PBXNativeTarget;
			buildConfigurationList = 17505B08259ADC9B00042E42 /* Build configuration list for PBXNativeTarget "Tests macOS" */;
			buildPhases = (
				17505AEC259ADC9B00042E42 /* Sources */,
				17505AED259ADC9B00042E42 /* Frameworks */,
				17505AEE259ADC9B00042E42 /* Resources */,
			);
			buildRules = (
			);
			dependencies = (
				17505AF2259ADC9B00042E42 /* PBXTargetDependency */,
			);
			name = "Tests macOS";
			productName = "Tests macOS";
			productReference = 17505AF0259ADC9B00042E42 /* Tests macOS.xctest */;
			productType = "com.apple.product-type.bundle.ui-testing";
		};
/* End PBXNativeTarget section */

/* Begin PBXProject section */
		17505AC9259ADC9A00042E42 /* Project object */ = {
			isa = PBXProject;
			attributes = {
				LastSwiftUpdateCheck = 1220;
				LastUpgradeCheck = 1220;
				TargetAttributes = {
					17505AD4259ADC9B00042E42 = {
						CreatedOnToolsVersion = 12.2;
					};
					17505ADC259ADC9B00042E42 = {
						CreatedOnToolsVersion = 12.2;
					};
					17505AE4259ADC9B00042E42 = {
						CreatedOnToolsVersion = 12.2;
						TestTargetID = 17505AD4259ADC9B00042E42;
					};
					17505AEF259ADC9B00042E42 = {
						CreatedOnToolsVersion = 12.2;
						TestTargetID = 17505ADC259ADC9B00042E42;
					};
				};
			};
			buildConfigurationList = 17505ACC259ADC9A00042E42 /* Build configuration list for PBXProject "yolov3Demo" */;
			compatibilityVersion = "Xcode 9.3";
			developmentRegion = en;
			hasScannedForEncodings = 0;
			knownRegions = (
				en,
				Base,
			);
			mainGroup = 17505AC8259ADC9A00042E42;
			productRefGroup = 17505AD6259ADC9B00042E42 /* Products */;
			projectDirPath = "";
			projectRoot = "";
			targets = (
				17505AD4259ADC9B00042E42 /* yolov3Demo (iOS) */,
				17505ADC259ADC9B00042E42 /* yolov3Demo (macOS) */,
				17505AE4259ADC9B00042E42 /* Tests iOS */,
				17505AEF259ADC9B00042E42 /* Tests macOS */,
			);
		};
/* End PBXProject section */

/* Begin PBXResourcesBuildPhase section */
		17505AD3259ADC9B00042E42 /* Resources */ = {
			isa = PBXResourcesBuildPhase;
			buildActionMask = 2147483647;
			files = (
				17505AFB259ADC9B00042E42 /* Assets.xcassets in Resources */,
			);
			runOnlyForDeploymentPostprocessing = 0;
		};
		17505ADB259ADC9B00042E42 /* Resources */ = {
			isa = PBXResourcesBuildPhase;
			buildActionMask = 2147483647;
			files = (
				17505AFC259ADC9B00042E42 /* Assets.xcassets in Resources */,
			);
			runOnlyForDeploymentPostprocessing = 0;
		};
		17505AE3259ADC9B00042E42 /* Resources */ = {
			isa = PBXResourcesBuildPhase;
			buildActionMask = 2147483647;
			files = (
			);
			runOnlyForDeploymentPostprocessing = 0;
		};
		17505AEE259ADC9B00042E42 /* Resources */ = {
			isa = PBXResourcesBuildPhase;
			buildActionMask = 2147483647;
			files = (
			);
			runOnlyForDeploymentPostprocessing = 0;
		};
/* End PBXResourcesBuildPhase section */

/* Begin PBXSourcesBuildPhase section */
		17505AD1259ADC9B00042E42 /* Sources */ = {
			isa = PBXSourcesBuildPhase;
			buildActionMask = 2147483647;
			files = (
				17505AF9259ADC9B00042E42 /* ContentView.swift in Sources */,
				17505AF7259ADC9B00042E42 /* yolov3DemoApp.swift in Sources */,
			);
			runOnlyForDeploymentPostprocessing = 0;
		};
		17505AD9259ADC9B00042E42 /* Sources */ = {
			isa = PBXSourcesBuildPhase;
			buildActionMask = 2147483647;
			files = (
				17505AFA259ADC9B00042E42 /* ContentView.swift in Sources */,
				17505AF8259ADC9B00042E42 /* yolov3DemoApp.swift in Sources */,
			);
			runOnlyForDeploymentPostprocessing = 0;
		};
		17505AE1259ADC9B00042E42 /* Sources */ = {
			isa = PBXSourcesBuildPhase;
			buildActionMask = 2147483647;
			files = (
				17505AEA259ADC9B00042E42 /* Tests_iOS.swift in Sources */,
			);
			runOnlyForDeploymentPostprocessing = 0;
		};
		17505AEC259ADC9B00042E42 /* Sources */ = {
			isa = PBXSourcesBuildPhase;
			buildActionMask = 2147483647;
			files = (
				17505AF5259ADC9B00042E42 /* Tests_macOS.swift in Sources */,
			);
			runOnlyForDeploymentPostprocessing = 0;
		};
/* End PBXSourcesBuildPhase section */

/* Begin PBXTargetDependency section */
		17505AE7259ADC9B00042E42 /* PBXTargetDependency */ = {
			isa = PBXTargetDependency;
			target = 17505AD4259ADC9B00042E42 /* yolov3Demo (iOS) */;
			targetProxy = 17505AE6259ADC9B00042E42 /* PBXContainerItemProxy */;
		};
		17505AF2259ADC9B00042E42 /* PBXTargetDependency */ = {
			isa = PBXTargetDependency;
			target = 17505ADC259ADC9B00042E42 /* yolov3Demo (macOS) */;
			targetProxy = 17505AF1259ADC9B00042E42 /* PBXContainerItemProxy */;
		};
/* End PBXTargetDependency section */

/* Begin XCBuildConfiguration section */
		17505AFD259ADC9B00042E42 /* Debug */ = {
			isa = XCBuildConfiguration;
			buildSettings = {
				ALWAYS_SEARCH_USER_PATHS = NO;
				CLANG_ANALYZER_NONNULL = YES;
				CLANG_ANALYZER_NUMBER_OBJECT_CONVERSION = YES_AGGRESSIVE;
				CLANG_CXX_LANGUAGE_STANDARD = "gnu++14";
				CLANG_CXX_LIBRARY = "libc++";
				CLANG_ENABLE_MODULES = YES;
				CLANG_ENABLE_OBJC_ARC = YES;
				CLANG_ENABLE_OBJC_WEAK = YES;
				CLANG_WARN_BLOCK_CAPTURE_AUTORELEASING = YES;
				CLANG_WARN_BOOL_CONVERSION = YES;
				CLANG_WARN_COMMA = YES;
				CLANG_WARN_CONSTANT_CONVERSION = YES;
				CLANG_WARN_DEPRECATED_OBJC_IMPLEMENTATIONS = YES;
				CLANG_WARN_DIRECT_OBJC_ISA_USAGE = YES_ERROR;
				CLANG_WARN_DOCUMENTATION_COMMENTS = YES;
				CLANG_WARN_EMPTY_BODY = YES;
				CLANG_WARN_ENUM_CONVERSION = YES;
				CLANG_WARN_INFINITE_RECURSION = YES;
				CLANG_WARN_INT_CONVERSION = YES;
				CLANG_WARN_NON_LITERAL_NULL_CONVERSION = YES;
				CLANG_WARN_OBJC_IMPLICIT_RETAIN_SELF = YES;
				CLANG_WARN_OBJC_LITERAL_CONVERSION = YES;
				CLANG_WARN_OBJC_ROOT_CLASS = YES_ERROR;
				CLANG_WARN_QUOTED_INCLUDE_IN_FRAMEWORK_HEADER = YES;
				CLANG_WARN_RANGE_LOOP_ANALYSIS = YES;
				CLANG_WARN_STRICT_PROTOTYPES = YES;
				CLANG_WARN_SUSPICIOUS_MOVE = YES;
				CLANG_WARN_UNGUARDED_AVAILABILITY = YES_AGGRESSIVE;
				CLANG_WARN_UNREACHABLE_CODE = YES;
				CLANG_WARN__DUPLICATE_METHOD_MATCH = YES;
				COPY_PHASE_STRIP = NO;
				DEBUG_INFORMATION_FORMAT = dwarf;
				ENABLE_STRICT_OBJC_MSGSEND = YES;
				ENABLE_TESTABILITY = YES;
				GCC_C_LANGUAGE_STANDARD = gnu11;
				GCC_DYNAMIC_NO_PIC = NO;
				GCC_NO_COMMON_BLOCKS = YES;
				GCC_OPTIMIZATION_LEVEL = 0;
				GCC_PREPROCESSOR_DEFINITIONS = (
					"DEBUG=1",
					"$(inherited)",
				);
				GCC_WARN_64_TO_32_BIT_CONVERSION = YES;
				GCC_WARN_ABOUT_RETURN_TYPE = YES_ERROR;
				GCC_WARN_UNDECLARED_SELECTOR = YES;
				GCC_WARN_UNINITIALIZED_AUTOS = YES_AGGRESSIVE;
				GCC_WARN_UNUSED_FUNCTION = YES;
				GCC_WARN_UNUSED_VARIABLE = YES;
				MTL_ENABLE_DEBUG_INFO = INCLUDE_SOURCE;
				MTL_FAST_MATH = YES;
				ONLY_ACTIVE_ARCH = YES;
				SWIFT_ACTIVE_COMPILATION_CONDITIONS = DEBUG;
				SWIFT_OPTIMIZATION_LEVEL = "-Onone";
			};
			name = Debug;
		};
		17505AFE259ADC9B00042E42 /* Release */ = {
			isa = XCBuildConfiguration;
			buildSettings = {
				ALWAYS_SEARCH_USER_PATHS = NO;
				CLANG_ANALYZER_NONNULL = YES;
				CLANG_ANALYZER_NUMBER_OBJECT_CONVERSION = YES_AGGRESSIVE;
				CLANG_CXX_LANGUAGE_STANDARD = "gnu++14";
				CLANG_CXX_LIBRARY = "libc++";
				CLANG_ENABLE_MODULES = YES;
				CLANG_ENABLE_OBJC_ARC = YES;
				CLANG_ENABLE_OBJC_WEAK = YES;
				CLANG_WARN_BLOCK_CAPTURE_AUTORELEASING = YES;
				CLANG_WARN_BOOL_CONVERSION = YES;
				CLANG_WARN_COMMA = YES;
				CLANG_WARN_CONSTANT_CONVERSION = YES;
				CLANG_WARN_DEPRECATED_OBJC_IMPLEMENTATIONS = YES;
				CLANG_WARN_DIRECT_OBJC_ISA_USAGE = YES_ERROR;
				CLANG_WARN_DOCUMENTATION_COMMENTS = YES;
				CLANG_WARN_EMPTY_BODY = YES;
				CLANG_WARN_ENUM_CONVERSION = YES;
				CLANG_WARN_INFINITE_RECURSION = YES;
				CLANG_WARN_INT_CONVERSION = YES;
				CLANG_WARN_NON_LITERAL_NULL_CONVERSION = YES;
				CLANG_WARN_OBJC_IMPLICIT_RETAIN_SELF = YES;
				CLANG_WARN_OBJC_LITERAL_CONVERSION = YES;
				CLANG_WARN_OBJC_ROOT_CLASS = YES_ERROR;
				CLANG_WARN_QUOTED_INCLUDE_IN_FRAMEWORK_HEADER = YES;
				CLANG_WARN_RANGE_LOOP_ANALYSIS = YES;
				CLANG_WARN_STRICT_PROTOTYPES = YES;
				CLANG_WARN_SUSPICIOUS_MOVE = YES;
				CLANG_WARN_UNGUARDED_AVAILABILITY = YES_AGGRESSIVE;
				CLANG_WARN_UNREACHABLE_CODE = YES;
				CLANG_WARN__DUPLICATE_METHOD_MATCH = YES;
				COPY_PHASE_STRIP = NO;
				DEBUG_INFORMATION_FORMAT = "dwarf-with-dsym";
				ENABLE_NS_ASSERTIONS = NO;
				ENABLE_STRICT_OBJC_MSGSEND = YES;
				GCC_C_LANGUAGE_STANDARD = gnu11;
				GCC_NO_COMMON_BLOCKS = YES;
				GCC_WARN_64_TO_32_BIT_CONVERSION = YES;
				GCC_WARN_ABOUT_RETURN_TYPE = YES_ERROR;
				GCC_WARN_UNDECLARED_SELECTOR = YES;
				GCC_WARN_UNINITIALIZED_AUTOS = YES_AGGRESSIVE;
				GCC_WARN_UNUSED_FUNCTION = YES;
				GCC_WARN_UNUSED_VARIABLE = YES;
				MTL_ENABLE_DEBUG_INFO = NO;
				MTL_FAST_MATH = YES;
				SWIFT_COMPILATION_MODE = wholemodule;
				SWIFT_OPTIMIZATION_LEVEL = "-O";
			};
			name = Release;
		};
		17505B00259ADC9B00042E42 /* Debug */ = {
			isa = XCBuildConfiguration;
			buildSettings = {
				ASSETCATALOG_COMPILER_APPICON_NAME = AppIcon;
				ASSETCATALOG_COMPILER_GLOBAL_ACCENT_COLOR_NAME = AccentColor;
				CODE_SIGN_STYLE = Automatic;
				DEVELOPMENT_TEAM = 9KZD7Y4SX6;
				ENABLE_PREVIEWS = YES;
				INFOPLIST_FILE = iOS/Info.plist;
				IPHONEOS_DEPLOYMENT_TARGET = 14.0;
				LD_RUNPATH_SEARCH_PATHS = (
					"$(inherited)",
					"@executable_path/Frameworks",
				);
				PRODUCT_BUNDLE_IDENTIFIER = "tp-link.yolov3Demo";
				PRODUCT_NAME = yolov3Demo;
				SDKROOT = iphoneos;
				SWIFT_VERSION = 5.0;
				TARGETED_DEVICE_FAMILY = "1,2";
			};
			name = Debug;
		};
		17505B01259ADC9B00042E42 /* Release */ = {
			isa = XCBuildConfiguration;
			buildSettings = {
				ASSETCATALOG_COMPILER_APPICON_NAME = AppIcon;
				ASSETCATALOG_COMPILER_GLOBAL_ACCENT_COLOR_NAME = AccentColor;
				CODE_SIGN_STYLE = Automatic;
				DEVELOPMENT_TEAM = 9KZD7Y4SX6;
				ENABLE_PREVIEWS = YES;
				INFOPLIST_FILE = iOS/Info.plist;
				IPHONEOS_DEPLOYMENT_TARGET = 14.0;
				LD_RUNPATH_SEARCH_PATHS = (
					"$(inherited)",
					"@executable_path/Frameworks",
				);
				PRODUCT_BUNDLE_IDENTIFIER = "tp-link.yolov3Demo";
				PRODUCT_NAME = yolov3Demo;
				SDKROOT = iphoneos;
				SWIFT_VERSION = 5.0;
				TARGETED_DEVICE_FAMILY = "1,2";
				VALIDATE_PRODUCT = YES;
			};
			name = Release;
		};
		17505B03259ADC9B00042E42 /* Debug */ = {
			isa = XCBuildConfiguration;
			buildSettings = {
				ASSETCATALOG_COMPILER_APPICON_NAME = AppIcon;
				ASSETCATALOG_COMPILER_GLOBAL_ACCENT_COLOR_NAME = AccentColor;
				CODE_SIGN_ENTITLEMENTS = macOS/macOS.entitlements;
				CODE_SIGN_STYLE = Automatic;
				COMBINE_HIDPI_IMAGES = YES;
				DEVELOPMENT_TEAM = 9KZD7Y4SX6;
				ENABLE_HARDENED_RUNTIME = YES;
				ENABLE_PREVIEWS = YES;
				INFOPLIST_FILE = macOS/Info.plist;
				LD_RUNPATH_SEARCH_PATHS = (
					"$(inherited)",
					"@executable_path/../Frameworks",
				);
				MACOSX_DEPLOYMENT_TARGET = 11.0;
				PRODUCT_BUNDLE_IDENTIFIER = "tp-link.yolov3Demo";
				PRODUCT_NAME = yolov3Demo;
				SDKROOT = macosx;
				SWIFT_VERSION = 5.0;
			};
			name = Debug;
		};
		17505B04259ADC9B00042E42 /* Release */ = {
			isa = XCBuildConfiguration;
			buildSettings = {
				ASSETCATALOG_COMPILER_APPICON_NAME = AppIcon;
				ASSETCATALOG_COMPILER_GLOBAL_ACCENT_COLOR_NAME = AccentColor;
				CODE_SIGN_ENTITLEMENTS = macOS/macOS.entitlements;
				CODE_SIGN_STYLE = Automatic;
				COMBINE_HIDPI_IMAGES = YES;
				DEVELOPMENT_TEAM = 9KZD7Y4SX6;
				ENABLE_HARDENED_RUNTIME = YES;
				ENABLE_PREVIEWS = YES;
				INFOPLIST_FILE = macOS/Info.plist;
				LD_RUNPATH_SEARCH_PATHS = (
					"$(inherited)",
					"@executable_path/../Frameworks",
				);
				MACOSX_DEPLOYMENT_TARGET = 11.0;
				PRODUCT_BUNDLE_IDENTIFIER = "tp-link.yolov3Demo";
				PRODUCT_NAME = yolov3Demo;
				SDKROOT = macosx;
				SWIFT_VERSION = 5.0;
			};
			name = Release;
		};
		17505B06259ADC9B00042E42 /* Debug */ = {
			isa = XCBuildConfiguration;
			buildSettings = {
				ALWAYS_EMBED_SWIFT_STANDARD_LIBRARIES = YES;
				CODE_SIGN_STYLE = Automatic;
				DEVELOPMENT_TEAM = 9KZD7Y4SX6;
				INFOPLIST_FILE = "Tests iOS/Info.plist";
				IPHONEOS_DEPLOYMENT_TARGET = 14.2;
				LD_RUNPATH_SEARCH_PATHS = (
					"$(inherited)",
					"@executable_path/Frameworks",
					"@loader_path/Frameworks",
				);
				PRODUCT_BUNDLE_IDENTIFIER = "tp-link.Tests-iOS";
				PRODUCT_NAME = "$(TARGET_NAME)";
				SDKROOT = iphoneos;
				SWIFT_VERSION = 5.0;
				TARGETED_DEVICE_FAMILY = "1,2";
				TEST_TARGET_NAME = "yolov3Demo (iOS)";
			};
			name = Debug;
		};
		17505B07259ADC9B00042E42 /* Release */ = {
			isa = XCBuildConfiguration;
			buildSettings = {
				ALWAYS_EMBED_SWIFT_STANDARD_LIBRARIES = YES;
				CODE_SIGN_STYLE = Automatic;
				DEVELOPMENT_TEAM = 9KZD7Y4SX6;
				INFOPLIST_FILE = "Tests iOS/Info.plist";
				IPHONEOS_DEPLOYMENT_TARGET = 14.2;
				LD_RUNPATH_SEARCH_PATHS = (
					"$(inherited)",
					"@executable_path/Frameworks",
					"@loader_path/Frameworks",
				);
				PRODUCT_BUNDLE_IDENTIFIER = "tp-link.Tests-iOS";
				PRODUCT_NAME = "$(TARGET_NAME)";
				SDKROOT = iphoneos;
				SWIFT_VERSION = 5.0;
				TARGETED_DEVICE_FAMILY = "1,2";
				TEST_TARGET_NAME = "yolov3Demo (iOS)";
				VALIDATE_PRODUCT = YES;
			};
			name = Release;
		};
		17505B09259ADC9B00042E42 /* Debug */ = {
			isa = XCBuildConfiguration;
			buildSettings = {
				ALWAYS_EMBED_SWIFT_STANDARD_LIBRARIES = YES;
				CODE_SIGN_STYLE = Automatic;
				COMBINE_HIDPI_IMAGES = YES;
				DEVELOPMENT_TEAM = 9KZD7Y4SX6;
				INFOPLIST_FILE = "Tests macOS/Info.plist";
				LD_RUNPATH_SEARCH_PATHS = (
					"$(inherited)",
					"@executable_path/../Frameworks",
					"@loader_path/../Frameworks",
				);
				MACOSX_DEPLOYMENT_TARGET = 10.15;
				PRODUCT_BUNDLE_IDENTIFIER = "tp-link.Tests-macOS";
				PRODUCT_NAME = "$(TARGET_NAME)";
				SDKROOT = macosx;
				SWIFT_VERSION = 5.0;
				TEST_TARGET_NAME = "yolov3Demo (macOS)";
			};
			name = Debug;
		};
		17505B0A259ADC9B00042E42 /* Release */ = {
			isa = XCBuildConfiguration;
			buildSettings = {
				ALWAYS_EMBED_SWIFT_STANDARD_LIBRARIES = YES;
				CODE_SIGN_STYLE = Automatic;
				COMBINE_HIDPI_IMAGES = YES;
				DEVELOPMENT_TEAM = 9KZD7Y4SX6;
				INFOPLIST_FILE = "Tests macOS/Info.plist";
				LD_RUNPATH_SEARCH_PATHS = (
					"$(inherited)",
					"@executable_path/../Frameworks",
					"@loader_path/../Frameworks",
				);
				MACOSX_DEPLOYMENT_TARGET = 10.15;
				PRODUCT_BUNDLE_IDENTIFIER = "tp-link.Tests-macOS";
				PRODUCT_NAME = "$(TARGET_NAME)";
				SDKROOT = macosx;
				SWIFT_VERSION = 5.0;
				TEST_TARGET_NAME = "yolov3Demo (macOS)";
			};
			name = Release;
		};
/* End XCBuildConfiguration section */

/* Begin XCConfigurationList section */
		17505ACC259ADC9A00042E42 /* Build configuration list for PBXProject "yolov3Demo" */ = {
			isa = XCConfigurationList;
			buildConfigurations = (
				17505AFD259ADC9B00042E42 /* Debug */,
				17505AFE259ADC9B00042E42 /* Release */,
			);
			defaultConfigurationIsVisible = 0;
			defaultConfigurationName = Release;
		};
		17505AFF259ADC9B00042E42 /* Build configuration list for PBXNativeTarget "yolov3Demo (iOS)" */ = {
			isa = XCConfigurationList;
			buildConfigurations = (
				17505B00259ADC9B00042E42 /* Debug */,
				17505B01259ADC9B00042E42 /* Release */,
			);
			defaultConfigurationIsVisible = 0;
			defaultConfigurationName = Release;
		};
		17505B02259ADC9B00042E42 /* Build configuration list for PBXNativeTarget "yolov3Demo (macOS)" */ = {
			isa = XCConfigurationList;
			buildConfigurations = (
				17505B03259ADC9B00042E42 /* Debug */,
				17505B04259ADC9B00042E42 /* Release */,
			);
			defaultConfigurationIsVisible = 0;
			defaultConfigurationName = Release;
		};
		17505B05259ADC9B00042E42 /* Build configuration list for PBXNativeTarget "Tests iOS" */ = {
			isa = XCConfigurationList;
			buildConfigurations = (
				17505B06259ADC9B00042E42 /* Debug */,
				17505B07259ADC9B00042E42 /* Release */,
			);
			defaultConfigurationIsVisible = 0;
			defaultConfigurationName = Release;
		};
		17505B08259ADC9B00042E42 /* Build configuration list for PBXNativeTarget "Tests macOS" */ = {
			isa = XCConfigurationList;
			buildConfigurations = (
				17505B09259ADC9B00042E42 /* Debug */,
				17505B0A259ADC9B00042E42 /* Release */,
			);
			defaultConfigurationIsVisible = 0;
			defaultConfigurationName = Release;
		};
/* End XCConfigurationList section */
	};
	rootObject = 17505AC9259ADC9A00042E42 /* Project object */;
}
